
Microsoft Visual Studio Solution File, Format Version 12.00
# Visual Studio Version 17
VisualStudioVersion = 17.9.34701.34
MinimumVisualStudioVersion = 10.0.40219.1
Project("{9A19103F-16F7-4668-BE54-9A1E7A4F7556}") = "OmNomNom.Website", "OmNomNom.Website\OmNomNom.Website.csproj", "{D72064B6-52D0-4492-8290-8F5B40F4FE85}"
EndProject
Project("{9A19103F-16F7-4668-BE54-9A1E7A4F7556}") = "CompositionGateway", "CompositionGateway\CompositionGateway.csproj", "{1CE6F9A9-A986-438D-BBD3-3AF5109D902B}"
EndProject
Project("{9A19103F-16F7-4668-BE54-9A1E7A4F7556}") = "Temporary", "Temporary\Temporary.csproj", "{03B1FD8A-03E7-4FBA-AD55-C7571937AE26}"
EndProject
Project("{54A90642-561A-4BB1-A94E-469ADEE60C69}") = "reactapp1.client", "reactapp1.client\reactapp1.client.esproj", "{82717886-C1F5-4974-826E-38D8DCD41080}"
EndProject
Global
	GlobalSection(SolutionConfigurationPlatforms) = preSolution
		Debug|Any CPU = Debug|Any CPU
		Release|Any CPU = Release|Any CPU
	EndGlobalSection
	GlobalSection(ProjectConfigurationPlatforms) = postSolution
		{D72064B6-52D0-4492-8290-8F5B40F4FE85}.Debug|Any CPU.ActiveCfg = Debug|Any CPU
		{D72064B6-52D0-4492-8290-8F5B40F4FE85}.Debug|Any CPU.Build.0 = Debug|Any CPU
		{D72064B6-52D0-4492-8290-8F5B40F4FE85}.Release|Any CPU.ActiveCfg = Release|Any CPU
		{D72064B6-52D0-4492-8290-8F5B40F4FE85}.Release|Any CPU.Build.0 = Release|Any CPU
		{1CE6F9A9-A986-438D-BBD3-3AF5109D902B}.Debug|Any CPU.ActiveCfg = Debug|Any CPU
		{1CE6F9A9-A986-438D-BBD3-3AF5109D902B}.Debug|Any CPU.Build.0 = Debug|Any CPU
		{1CE6F9A9-A986-438D-BBD3-3AF5109D902B}.Release|Any CPU.ActiveCfg = Release|Any CPU
		{1CE6F9A9-A986-438D-BBD3-3AF5109D902B}.Release|Any CPU.Build.0 = Release|Any CPU
		{03B1FD8A-03E7-4FBA-AD55-C7571937AE26}.Debug|Any CPU.ActiveCfg = Debug|Any CPU
		{03B1FD8A-03E7-4FBA-AD55-C7571937AE26}.Debug|Any CPU.Build.0 = Debug|Any CPU
		{03B1FD8A-03E7-4FBA-AD55-C7571937AE26}.Release|Any CPU.ActiveCfg = Release|Any CPU
		{03B1FD8A-03E7-4FBA-AD55-C7571937AE26}.Release|Any CPU.Build.0 = Release|Any CPU
		{82717886-C1F5-4974-826E-38D8DCD41080}.Debug|Any CPU.ActiveCfg = Debug|Any CPU
		{82717886-C1F5-4974-826E-38D8DCD41080}.Debug|Any CPU.Build.0 = Debug|Any CPU
		{82717886-C1F5-4974-826E-38D8DCD41080}.Debug|Any CPU.Deploy.0 = Debug|Any CPU
		{82717886-C1F5-4974-826E-38D8DCD41080}.Release|Any CPU.ActiveCfg = Release|Any CPU
		{82717886-C1F5-4974-826E-38D8DCD41080}.Release|Any CPU.Build.0 = Release|Any CPU
		{82717886-C1F5-4974-826E-38D8DCD41080}.Release|Any CPU.Deploy.0 = Release|Any CPU
	EndGlobalSection
	GlobalSection(SolutionProperties) = preSolution
		HideSolutionNode = FALSE
	EndGlobalSection
EndGlobal
