
Microsoft Visual Studio Solution File, Format Version 12.00
# Visual Studio Version 17
VisualStudioVersion = 17.9.34701.34
MinimumVisualStudioVersion = 10.0.40219.1
Project("{9A19103F-16F7-4668-BE54-9A1E7A4F7556}") = "OmNomNom.Website", "OmNomNom.Website\OmNomNom.Website.csproj", "{D72064B6-52D0-4492-8290-8F5B40F4FE85}"
EndProject
Project("{9A19103F-16F7-4668-BE54-9A1E7A4F7556}") = "CompositionGateway", "CompositionGateway\CompositionGateway.csproj", "{1CE6F9A9-A986-438D-BBD3-3AF5109D902B}"
EndProject
Project("{9A19103F-16F7-4668-BE54-9A1E7A4F7556}") = "Temporary", "Temporary\Temporary.csproj", "{03B1FD8A-03E7-4FBA-AD55-C7571937AE26}"
EndProject
Project("{54A90642-561A-4BB1-A94E-469ADEE60C69}") = "reactapp1.client", "reactapp1.client\reactapp1.client.esproj", "{82717886-C1F5-4974-826E-38D8DCD41080}"
EndProject
Project("{2150E333-8FDC-42A3-9474-1A3956D46DE8}") = "Catalog", "Catalog", "{7B824A1F-DEE4-43A6-BF71-6DBD462160DF}"
EndProject
Project("{2150E333-8FDC-42A3-9474-1A3956D46DE8}") = "Finance", "Finance", "{8AB38D16-F8C0-4785-A1F4-1C39701393B3}"
EndProject
Project("{2150E333-8FDC-42A3-9474-1A3956D46DE8}") = "Shipping", "Shipping", "{98A50462-09B9-4B62-A18F-09C4D6A80C7B}"
EndProject
Project("{2150E333-8FDC-42A3-9474-1A3956D46DE8}") = "PaymentInfo", "PaymentInfo", "{E8520AE7-1EDF-4921-972F-C38513ADCD39}"
EndProject
Project("{FAE04EC0-301F-11D3-BF4B-00C04F79EFBC}") = "Catalog.ServiceComposition", "Catalog.ServiceComposition\Catalog.ServiceComposition.csproj", "{C27042B1-5B90-4866-AE7E-03F1B10D038E}"
EndProject
Project("{FAE04EC0-301F-11D3-BF4B-00C04F79EFBC}") = "Finance.ServiceComposition", "Finance.ServiceComposition\Finance.ServiceComposition.csproj", "{9B6157E2-F922-4BF9-858C-3A1AC2B0B594}"
EndProject
Project("{FAE04EC0-301F-11D3-BF4B-00C04F79EFBC}") = "PaymentInfo.ServiceComposition", "PaymentInfo.ServiceComposition\PaymentInfo.ServiceComposition.csproj", "{3D55E902-9D9C-4DAC-A409-4283D65701B6}"
EndProject
Project("{FAE04EC0-301F-11D3-BF4B-00C04F79EFBC}") = "Shipping.ServiceComposition", "Shipping.ServiceComposition\Shipping.ServiceComposition.csproj", "{15BAC01B-7EAC-4D8E-9201-E995D6085BA3}"
EndProject
Project("{FAE04EC0-301F-11D3-BF4B-00C04F79EFBC}") = "Catalog.Data", "Catalog.Data\Catalog.Data.csproj", "{587A6FDC-206B-4A42-AC1A-AC24137994E6}"
EndProject
Project("{2150E333-8FDC-42A3-9474-1A3956D46DE8}") = "ITOps", "ITOps", "{81B62C6B-1A13-45C6-8493-587F0E215A75}"
EndProject
Project("{FAE04EC0-301F-11D3-BF4B-00C04F79EFBC}") = "ITOps.Shared", "ITOps.Shared\ITOps.Shared.csproj", "{39DBCF47-A22D-42C2-94DD-65AACFCDCDD1}"
EndProject
Project("{FAE04EC0-301F-11D3-BF4B-00C04F79EFBC}") = "Finance.Data", "Finance.Data\Finance.Data.csproj", "{C2D44E05-5622-4C7E-9BD1-AFD0A839EDF0}"
EndProject
Project("{FAE04EC0-301F-11D3-BF4B-00C04F79EFBC}") = "Catalog.ServiceComposition.Events", "Catalog.ServiceComposition.Events\Catalog.ServiceComposition.Events.csproj", "{65A49A81-46A8-4C6E-B076-15C4499497A9}"
EndProject
Project("{FAE04EC0-301F-11D3-BF4B-00C04F79EFBC}") = "Shipping.Data", "Shipping.Data\Shipping.Data.csproj", "{F150148F-799D-4DAF-9512-BE9B350582FC}"
EndProject
Project("{FAE04EC0-301F-11D3-BF4B-00C04F79EFBC}") = "Shipping.ServiceComposition.Events", "Shipping.ServiceComposition.Events\Shipping.ServiceComposition.Events.csproj", "{AA0A0C4F-568D-4766-AABE-486308AA83E1}"
EndProject
Project("{2150E333-8FDC-42A3-9474-1A3956D46DE8}") = "Marketing", "Marketing", "{4557DED7-027D-467E-B1AF-63A17237DEF3}"
EndProject
Project("{FAE04EC0-301F-11D3-BF4B-00C04F79EFBC}") = "Marketing.Data", "Marketing.Data\Marketing.Data.csproj", "{8737C155-2AB4-4EDF-9801-F1851A819454}"
EndProject
Project("{FAE04EC0-301F-11D3-BF4B-00C04F79EFBC}") = "Marketing.ServiceComposition", "Marketing.ServiceComposition\Marketing.ServiceComposition.csproj", "{AFB8E498-E133-4E03-AC9A-B721646BB51D}"
EndProject
Project("{FAE04EC0-301F-11D3-BF4B-00C04F79EFBC}") = "Catalog.Endpoint", "Catalog.Endpoint\Catalog.Endpoint.csproj", "{8A420814-2A0A-4990-95B3-41B64BA8E6A7}"
EndProject
Project("{FAE04EC0-301F-11D3-BF4B-00C04F79EFBC}") = "Catalog.Endpoint.Messages", "Catalog.Endpoint.Messages\Catalog.Endpoint.Messages.csproj", "{B3E8E1BB-8443-42D0-A4C7-F4836DDA10A3}"
EndProject
Project("{FAE04EC0-301F-11D3-BF4B-00C04F79EFBC}") = "Finance.Endpoint.Messages", "Finance.Endpoint.Messages\Finance.Endpoint.Messages.csproj", "{A1FA84D2-4F65-4D1C-9E6D-360F7A291BC5}"
EndProject
Project("{FAE04EC0-301F-11D3-BF4B-00C04F79EFBC}") = "Finance.Endpoint", "Finance.Endpoint\Finance.Endpoint.csproj", "{A6F480D9-3E96-4D20-90B7-7D1280980622}"
EndProject
Global
	GlobalSection(SolutionConfigurationPlatforms) = preSolution
		Debug|Any CPU = Debug|Any CPU
		Release|Any CPU = Release|Any CPU
	EndGlobalSection
	GlobalSection(ProjectConfigurationPlatforms) = postSolution
		{D72064B6-52D0-4492-8290-8F5B40F4FE85}.Debug|Any CPU.ActiveCfg = Debug|Any CPU
		{D72064B6-52D0-4492-8290-8F5B40F4FE85}.Debug|Any CPU.Build.0 = Debug|Any CPU
		{D72064B6-52D0-4492-8290-8F5B40F4FE85}.Release|Any CPU.ActiveCfg = Release|Any CPU
		{D72064B6-52D0-4492-8290-8F5B40F4FE85}.Release|Any CPU.Build.0 = Release|Any CPU
		{1CE6F9A9-A986-438D-BBD3-3AF5109D902B}.Debug|Any CPU.ActiveCfg = Debug|Any CPU
		{1CE6F9A9-A986-438D-BBD3-3AF5109D902B}.Debug|Any CPU.Build.0 = Debug|Any CPU
		{1CE6F9A9-A986-438D-BBD3-3AF5109D902B}.Release|Any CPU.ActiveCfg = Release|Any CPU
		{1CE6F9A9-A986-438D-BBD3-3AF5109D902B}.Release|Any CPU.Build.0 = Release|Any CPU
		{03B1FD8A-03E7-4FBA-AD55-C7571937AE26}.Debug|Any CPU.ActiveCfg = Debug|Any CPU
		{03B1FD8A-03E7-4FBA-AD55-C7571937AE26}.Debug|Any CPU.Build.0 = Debug|Any CPU
		{03B1FD8A-03E7-4FBA-AD55-C7571937AE26}.Release|Any CPU.ActiveCfg = Release|Any CPU
		{03B1FD8A-03E7-4FBA-AD55-C7571937AE26}.Release|Any CPU.Build.0 = Release|Any CPU
		{82717886-C1F5-4974-826E-38D8DCD41080}.Debug|Any CPU.ActiveCfg = Debug|Any CPU
		{82717886-C1F5-4974-826E-38D8DCD41080}.Debug|Any CPU.Build.0 = Debug|Any CPU
		{82717886-C1F5-4974-826E-38D8DCD41080}.Debug|Any CPU.Deploy.0 = Debug|Any CPU
		{82717886-C1F5-4974-826E-38D8DCD41080}.Release|Any CPU.ActiveCfg = Release|Any CPU
		{82717886-C1F5-4974-826E-38D8DCD41080}.Release|Any CPU.Build.0 = Release|Any CPU
		{82717886-C1F5-4974-826E-38D8DCD41080}.Release|Any CPU.Deploy.0 = Release|Any CPU
		{C27042B1-5B90-4866-AE7E-03F1B10D038E}.Debug|Any CPU.ActiveCfg = Debug|Any CPU
		{C27042B1-5B90-4866-AE7E-03F1B10D038E}.Debug|Any CPU.Build.0 = Debug|Any CPU
		{C27042B1-5B90-4866-AE7E-03F1B10D038E}.Release|Any CPU.ActiveCfg = Release|Any CPU
		{C27042B1-5B90-4866-AE7E-03F1B10D038E}.Release|Any CPU.Build.0 = Release|Any CPU
		{9B6157E2-F922-4BF9-858C-3A1AC2B0B594}.Debug|Any CPU.ActiveCfg = Debug|Any CPU
		{9B6157E2-F922-4BF9-858C-3A1AC2B0B594}.Debug|Any CPU.Build.0 = Debug|Any CPU
		{9B6157E2-F922-4BF9-858C-3A1AC2B0B594}.Release|Any CPU.ActiveCfg = Release|Any CPU
		{9B6157E2-F922-4BF9-858C-3A1AC2B0B594}.Release|Any CPU.Build.0 = Release|Any CPU
		{3D55E902-9D9C-4DAC-A409-4283D65701B6}.Debug|Any CPU.ActiveCfg = Debug|Any CPU
		{3D55E902-9D9C-4DAC-A409-4283D65701B6}.Debug|Any CPU.Build.0 = Debug|Any CPU
		{3D55E902-9D9C-4DAC-A409-4283D65701B6}.Release|Any CPU.ActiveCfg = Release|Any CPU
		{3D55E902-9D9C-4DAC-A409-4283D65701B6}.Release|Any CPU.Build.0 = Release|Any CPU
		{15BAC01B-7EAC-4D8E-9201-E995D6085BA3}.Debug|Any CPU.ActiveCfg = Debug|Any CPU
		{15BAC01B-7EAC-4D8E-9201-E995D6085BA3}.Debug|Any CPU.Build.0 = Debug|Any CPU
		{15BAC01B-7EAC-4D8E-9201-E995D6085BA3}.Release|Any CPU.ActiveCfg = Release|Any CPU
		{15BAC01B-7EAC-4D8E-9201-E995D6085BA3}.Release|Any CPU.Build.0 = Release|Any CPU
		{587A6FDC-206B-4A42-AC1A-AC24137994E6}.Debug|Any CPU.ActiveCfg = Debug|Any CPU
		{587A6FDC-206B-4A42-AC1A-AC24137994E6}.Debug|Any CPU.Build.0 = Debug|Any CPU
		{587A6FDC-206B-4A42-AC1A-AC24137994E6}.Release|Any CPU.ActiveCfg = Release|Any CPU
		{587A6FDC-206B-4A42-AC1A-AC24137994E6}.Release|Any CPU.Build.0 = Release|Any CPU
		{39DBCF47-A22D-42C2-94DD-65AACFCDCDD1}.Debug|Any CPU.ActiveCfg = Debug|Any CPU
		{39DBCF47-A22D-42C2-94DD-65AACFCDCDD1}.Debug|Any CPU.Build.0 = Debug|Any CPU
		{39DBCF47-A22D-42C2-94DD-65AACFCDCDD1}.Release|Any CPU.ActiveCfg = Release|Any CPU
		{39DBCF47-A22D-42C2-94DD-65AACFCDCDD1}.Release|Any CPU.Build.0 = Release|Any CPU
		{C2D44E05-5622-4C7E-9BD1-AFD0A839EDF0}.Debug|Any CPU.ActiveCfg = Debug|Any CPU
		{C2D44E05-5622-4C7E-9BD1-AFD0A839EDF0}.Debug|Any CPU.Build.0 = Debug|Any CPU
		{C2D44E05-5622-4C7E-9BD1-AFD0A839EDF0}.Release|Any CPU.ActiveCfg = Release|Any CPU
		{C2D44E05-5622-4C7E-9BD1-AFD0A839EDF0}.Release|Any CPU.Build.0 = Release|Any CPU
		{65A49A81-46A8-4C6E-B076-15C4499497A9}.Debug|Any CPU.ActiveCfg = Debug|Any CPU
		{65A49A81-46A8-4C6E-B076-15C4499497A9}.Debug|Any CPU.Build.0 = Debug|Any CPU
		{65A49A81-46A8-4C6E-B076-15C4499497A9}.Release|Any CPU.ActiveCfg = Release|Any CPU
		{65A49A81-46A8-4C6E-B076-15C4499497A9}.Release|Any CPU.Build.0 = Release|Any CPU
		{F150148F-799D-4DAF-9512-BE9B350582FC}.Debug|Any CPU.ActiveCfg = Debug|Any CPU
		{F150148F-799D-4DAF-9512-BE9B350582FC}.Debug|Any CPU.Build.0 = Debug|Any CPU
		{F150148F-799D-4DAF-9512-BE9B350582FC}.Release|Any CPU.ActiveCfg = Release|Any CPU
		{F150148F-799D-4DAF-9512-BE9B350582FC}.Release|Any CPU.Build.0 = Release|Any CPU
		{AA0A0C4F-568D-4766-AABE-486308AA83E1}.Debug|Any CPU.ActiveCfg = Debug|Any CPU
		{AA0A0C4F-568D-4766-AABE-486308AA83E1}.Debug|Any CPU.Build.0 = Debug|Any CPU
		{AA0A0C4F-568D-4766-AABE-486308AA83E1}.Release|Any CPU.ActiveCfg = Release|Any CPU
		{AA0A0C4F-568D-4766-AABE-486308AA83E1}.Release|Any CPU.Build.0 = Release|Any CPU
		{8737C155-2AB4-4EDF-9801-F1851A819454}.Debug|Any CPU.ActiveCfg = Debug|Any CPU
		{8737C155-2AB4-4EDF-9801-F1851A819454}.Debug|Any CPU.Build.0 = Debug|Any CPU
		{8737C155-2AB4-4EDF-9801-F1851A819454}.Release|Any CPU.ActiveCfg = Release|Any CPU
		{8737C155-2AB4-4EDF-9801-F1851A819454}.Release|Any CPU.Build.0 = Release|Any CPU
		{AFB8E498-E133-4E03-AC9A-B721646BB51D}.Debug|Any CPU.ActiveCfg = Debug|Any CPU
		{AFB8E498-E133-4E03-AC9A-B721646BB51D}.Debug|Any CPU.Build.0 = Debug|Any CPU
		{AFB8E498-E133-4E03-AC9A-B721646BB51D}.Release|Any CPU.ActiveCfg = Release|Any CPU
		{AFB8E498-E133-4E03-AC9A-B721646BB51D}.Release|Any CPU.Build.0 = Release|Any CPU
		{8A420814-2A0A-4990-95B3-41B64BA8E6A7}.Debug|Any CPU.ActiveCfg = Debug|Any CPU
		{8A420814-2A0A-4990-95B3-41B64BA8E6A7}.Debug|Any CPU.Build.0 = Debug|Any CPU
		{8A420814-2A0A-4990-95B3-41B64BA8E6A7}.Release|Any CPU.ActiveCfg = Release|Any CPU
		{8A420814-2A0A-4990-95B3-41B64BA8E6A7}.Release|Any CPU.Build.0 = Release|Any CPU
		{B3E8E1BB-8443-42D0-A4C7-F4836DDA10A3}.Debug|Any CPU.ActiveCfg = Debug|Any CPU
		{B3E8E1BB-8443-42D0-A4C7-F4836DDA10A3}.Debug|Any CPU.Build.0 = Debug|Any CPU
		{B3E8E1BB-8443-42D0-A4C7-F4836DDA10A3}.Release|Any CPU.ActiveCfg = Release|Any CPU
		{B3E8E1BB-8443-42D0-A4C7-F4836DDA10A3}.Release|Any CPU.Build.0 = Release|Any CPU
		{A1FA84D2-4F65-4D1C-9E6D-360F7A291BC5}.Debug|Any CPU.ActiveCfg = Debug|Any CPU
		{A1FA84D2-4F65-4D1C-9E6D-360F7A291BC5}.Debug|Any CPU.Build.0 = Debug|Any CPU
		{A1FA84D2-4F65-4D1C-9E6D-360F7A291BC5}.Release|Any CPU.ActiveCfg = Release|Any CPU
		{A1FA84D2-4F65-4D1C-9E6D-360F7A291BC5}.Release|Any CPU.Build.0 = Release|Any CPU
		{A6F480D9-3E96-4D20-90B7-7D1280980622}.Debug|Any CPU.ActiveCfg = Debug|Any CPU
		{A6F480D9-3E96-4D20-90B7-7D1280980622}.Debug|Any CPU.Build.0 = Debug|Any CPU
		{A6F480D9-3E96-4D20-90B7-7D1280980622}.Release|Any CPU.ActiveCfg = Release|Any CPU
		{A6F480D9-3E96-4D20-90B7-7D1280980622}.Release|Any CPU.Build.0 = Release|Any CPU
	EndGlobalSection
	GlobalSection(SolutionProperties) = preSolution
		HideSolutionNode = FALSE
	EndGlobalSection
	GlobalSection(NestedProjects) = preSolution
		{C27042B1-5B90-4866-AE7E-03F1B10D038E} = {7B824A1F-DEE4-43A6-BF71-6DBD462160DF}
		{9B6157E2-F922-4BF9-858C-3A1AC2B0B594} = {8AB38D16-F8C0-4785-A1F4-1C39701393B3}
		{3D55E902-9D9C-4DAC-A409-4283D65701B6} = {E8520AE7-1EDF-4921-972F-C38513ADCD39}
		{15BAC01B-7EAC-4D8E-9201-E995D6085BA3} = {98A50462-09B9-4B62-A18F-09C4D6A80C7B}
		{587A6FDC-206B-4A42-AC1A-AC24137994E6} = {7B824A1F-DEE4-43A6-BF71-6DBD462160DF}
		{39DBCF47-A22D-42C2-94DD-65AACFCDCDD1} = {81B62C6B-1A13-45C6-8493-587F0E215A75}
		{C2D44E05-5622-4C7E-9BD1-AFD0A839EDF0} = {8AB38D16-F8C0-4785-A1F4-1C39701393B3}
		{65A49A81-46A8-4C6E-B076-15C4499497A9} = {7B824A1F-DEE4-43A6-BF71-6DBD462160DF}
		{F150148F-799D-4DAF-9512-BE9B350582FC} = {98A50462-09B9-4B62-A18F-09C4D6A80C7B}
		{AA0A0C4F-568D-4766-AABE-486308AA83E1} = {98A50462-09B9-4B62-A18F-09C4D6A80C7B}
		{8737C155-2AB4-4EDF-9801-F1851A819454} = {4557DED7-027D-467E-B1AF-63A17237DEF3}
		{AFB8E498-E133-4E03-AC9A-B721646BB51D} = {4557DED7-027D-467E-B1AF-63A17237DEF3}
		{8A420814-2A0A-4990-95B3-41B64BA8E6A7} = {7B824A1F-DEE4-43A6-BF71-6DBD462160DF}
		{B3E8E1BB-8443-42D0-A4C7-F4836DDA10A3} = {7B824A1F-DEE4-43A6-BF71-6DBD462160DF}
		{A1FA84D2-4F65-4D1C-9E6D-360F7A291BC5} = {8AB38D16-F8C0-4785-A1F4-1C39701393B3}
		{A6F480D9-3E96-4D20-90B7-7D1280980622} = {8AB38D16-F8C0-4785-A1F4-1C39701393B3}
	EndGlobalSection
EndGlobal
